// !$*UTF8*$!
{
	archiveVersion = 1;
	classes = {};
	objectVersion = 56;
	objects = {

/* Begin PBXBuildFile section */
		A10000000000000000000001 /* MechKitApp.swift in Sources */ = {isa = PBXBuildFile; fileRef = A20000000000000000000001 /* MechKitApp.swift */; };
		A10000000000000000000002 /* ContentView.swift in Sources */ = {isa = PBXBuildFile; fileRef = A20000000000000000000002 /* ContentView.swift */; };
		A10000000000000000000003 /* GroundGrid.swift in Sources */ = {isa = PBXBuildFile; fileRef = A20000000000000000000005 /* GroundGrid.swift */; };
		A10000000000000000000004 /* CameraState.swift in Sources */ = {isa = PBXBuildFile; fileRef = A20000000000000000000006 /* CameraState.swift */; };
		A10000000000000000000005 /* CameraInputSurface.swift in Sources */ = {isa = PBXBuildFile; fileRef = A20000000000000000000007 /* CameraInputSurface.swift */; };
		A10000000000000000000006 /* CoordinateIndicator.swift in Sources */ = {isa = PBXBuildFile; fileRef = A20000000000000000000008 /* CoordinateIndicator.swift */; };
		A10000000000000000000007 /* ViewShortcuts.swift in Sources */ = {isa = PBXBuildFile; fileRef = A20000000000000000000009 /* ViewShortcuts.swift */; };
		A10000000000000000000008 /* WorkspaceCommands.swift in Sources */ = {isa = PBXBuildFile; fileRef = A2000000000000000000000A /* WorkspaceCommands.swift */; };
		A10000000000000000000009 /* ShortcutEditor.swift in Sources */ = {isa = PBXBuildFile; fileRef = A2000000000000000000000B /* ShortcutEditor.swift */; };
		A1000000000000000000000A /* PhysicsError.swift in Sources */ = {isa = PBXBuildFile; fileRef = A2000000000000000000000C /* PhysicsError.swift */; };
		A1000000000000000000000B /* Geometry.swift in Sources */ = {isa = PBXBuildFile; fileRef = A2000000000000000000000D /* Geometry.swift */; };
		A1000000000000000000000C /* Material.swift in Sources */ = {isa = PBXBuildFile; fileRef = A2000000000000000000000E /* Material.swift */; };
		A1000000000000000000000D /* Placement.swift in Sources */ = {isa = PBXBuildFile; fileRef = A2000000000000000000000F /* Placement.swift */; };
		A1000000000000000000000E /* MassProperties.swift in Sources */ = {isa = PBXBuildFile; fileRef = A20000000000000000000010 /* MassProperties.swift */; };
		A1000000000000000000000F /* Component.swift in Sources */ = {isa = PBXBuildFile; fileRef = A20000000000000000000011 /* Component.swift */; };
/* End PBXBuildFile section */

/* Begin PBXFileReference section */
		A20000000000000000000001 /* MechKitApp.swift */ = {isa = PBXFileReference; lastKnownFileType = sourcecode.swift; path = MechKitApp.swift; sourceTree = "<group>"; };
		A20000000000000000000002 /* ContentView.swift */ = {isa = PBXFileReference; lastKnownFileType = sourcecode.swift; path = ContentView.swift; sourceTree = "<group>"; };
		A20000000000000000000003 /* MechKit.entitlements */ = {isa = PBXFileReference; lastKnownFileType = text.plist.entitlements; path = MechKit.entitlements; sourceTree = "<group>"; };
		A20000000000000000000004 /* MechKit.app */ = {isa = PBXFileReference; explicitFileType = wrapper.application; includeInIndex = 0; path = MechKit.app; sourceTree = BUILT_PRODUCTS_DIR; };
		A20000000000000000000005 /* GroundGrid.swift */ = {isa = PBXFileReference; lastKnownFileType = sourcecode.swift; path = GroundGrid.swift; sourceTree = "<group>"; };
		A20000000000000000000006 /* CameraState.swift */ = {isa = PBXFileReference; lastKnownFileType = sourcecode.swift; path = CameraState.swift; sourceTree = "<group>"; };
		A20000000000000000000007 /* CameraInputSurface.swift */ = {isa = PBXFileReference; lastKnownFileType = sourcecode.swift; path = CameraInputSurface.swift; sourceTree = "<group>"; };
		A20000000000000000000008 /* CoordinateIndicator.swift */ = {isa = PBXFileReference; lastKnownFileType = sourcecode.swift; path = CoordinateIndicator.swift; sourceTree = "<group>"; };
		A20000000000000000000009 /* ViewShortcuts.swift */ = {isa = PBXFileReference; lastKnownFileType = sourcecode.swift; path = ViewShortcuts.swift; sourceTree = "<group>"; };
		A2000000000000000000000A /* WorkspaceCommands.swift */ = {isa = PBXFileReference; lastKnownFileType = sourcecode.swift; path = WorkspaceCommands.swift; sourceTree = "<group>"; };
		A2000000000000000000000B /* ShortcutEditor.swift */ = {isa = PBXFileReference; lastKnownFileType = sourcecode.swift; path = ShortcutEditor.swift; sourceTree = "<group>"; };
		A2000000000000000000000C /* PhysicsError.swift */ = {isa = PBXFileReference; lastKnownFileType = sourcecode.swift; path = PhysicsError.swift; sourceTree = "<group>"; };
		A2000000000000000000000D /* Geometry.swift */ = {isa = PBXFileReference; lastKnownFileType = sourcecode.swift; path = Geometry.swift; sourceTree = "<group>"; };
		A2000000000000000000000E /* Material.swift */ = {isa = PBXFileReference; lastKnownFileType = sourcecode.swift; path = Material.swift; sourceTree = "<group>"; };
		A2000000000000000000000F /* Placement.swift */ = {isa = PBXFileReference; lastKnownFileType = sourcecode.swift; path = Placement.swift; sourceTree = "<group>"; };
		A20000000000000000000010 /* MassProperties.swift */ = {isa = PBXFileReference; lastKnownFileType = sourcecode.swift; path = MassProperties.swift; sourceTree = "<group>"; };
		A20000000000000000000011 /* Component.swift */ = {isa = PBXFileReference; lastKnownFileType = sourcecode.swift; path = Component.swift; sourceTree = "<group>"; };
/* End PBXFileReference section */

/* Begin PBXFrameworksBuildPhase section */
		A30000000000000000000001 /* Frameworks */ = {isa = PBXFrameworksBuildPhase; buildActionMask = 2147483647; files = (); runOnlyForDeploymentPostprocessing = 0; };
/* End PBXFrameworksBuildPhase section */

/* Begin PBXGroup section */
		A40000000000000000000001 = {
			isa = PBXGroup;
			children = (A40000000000000000000002 /* MechKit */, A40000000000000000000003 /* Products */);
			sourceTree = "<group>";
		};
		A40000000000000000000002 /* MechKit */ = {
			isa = PBXGroup;
			children = (A20000000000000000000001 /* MechKitApp.swift */, A20000000000000000000002 /* ContentView.swift */, A20000000000000000000005 /* GroundGrid.swift */, A20000000000000000000006 /* CameraState.swift */, A20000000000000000000007 /* CameraInputSurface.swift */, A20000000000000000000008 /* CoordinateIndicator.swift */, A20000000000000000000009 /* ViewShortcuts.swift */, A2000000000000000000000A /* WorkspaceCommands.swift */, A2000000000000000000000B /* ShortcutEditor.swift */, A20000000000000000000003 /* MechKit.entitlements */, A40000000000000000000004 /* Physics */);
			path = MechKit;
			sourceTree = "<group>";
		};
		A40000000000000000000003 /* Products */ = {
			isa = PBXGroup;
			children = (A20000000000000000000004 /* MechKit.app */);
			name = Products;
			sourceTree = "<group>";
		};
		A40000000000000000000004 /* Physics */ = {
			isa = PBXGroup;
			children = (A2000000000000000000000C /* PhysicsError.swift */, A2000000000000000000000D /* Geometry.swift */, A2000000000000000000000E /* Material.swift */, A2000000000000000000000F /* Placement.swift */, A20000000000000000000010 /* MassProperties.swift */, A20000000000000000000011 /* Component.swift */);
			path = Physics;
			sourceTree = "<group>";
		};
/* End PBXGroup section */

/* Begin PBXNativeTarget section */
		A50000000000000000000001 /* MechKit */ = {
			isa = PBXNativeTarget;
			buildConfigurationList = A90000000000000000000002 /* Build configuration list for PBXNativeTarget "MechKit" */;
			buildPhases = (A70000000000000000000001 /* Sources */, A30000000000000000000001 /* Frameworks */, A70000000000000000000002 /* Resources */);
			buildRules = ();
			dependencies = ();
			name = MechKit;
			productName = MechKit;
			productReference = A20000000000000000000004 /* MechKit.app */;
			productType = "com.apple.product-type.application";
		};
/* End PBXNativeTarget section */

/* Begin PBXProject section */
		A60000000000000000000001 /* Project object */ = {
			isa = PBXProject;
			attributes = {
				BuildIndependentTargetsInParallel = 1;
				LastSwiftUpdateCheck = 2700;
				LastUpgradeCheck = 2700;
				TargetAttributes = {A50000000000000000000001 = {CreatedOnToolsVersion = 27.0; }; };
			};
			buildConfigurationList = A90000000000000000000001 /* Build configuration list for PBXProject "MechKit" */;
			compatibilityVersion = "Xcode 14.0";
			developmentRegion = en;
			hasScannedForEncodings = 0;
			knownRegions = (en, Base);
			mainGroup = A40000000000000000000001;
			productRefGroup = A40000000000000000000003 /* Products */;
			projectDirPath = "";
			projectRoot = "";
			targets = (A50000000000000000000001 /* MechKit */);
		};
/* End PBXProject section */

/* Begin PBXResourcesBuildPhase section */
		A70000000000000000000002 /* Resources */ = {isa = PBXResourcesBuildPhase; buildActionMask = 2147483647; files = (); runOnlyForDeploymentPostprocessing = 0; };
/* End PBXResourcesBuildPhase section */

/* Begin PBXSourcesBuildPhase section */
		A70000000000000000000001 /* Sources */ = {
			isa = PBXSourcesBuildPhase;
			buildActionMask = 2147483647;
			files = (A10000000000000000000001 /* MechKitApp.swift in Sources */, A10000000000000000000002 /* ContentView.swift in Sources */, A10000000000000000000003 /* GroundGrid.swift in Sources */, A10000000000000000000004 /* CameraState.swift in Sources */, A10000000000000000000005 /* CameraInputSurface.swift in Sources */, A10000000000000000000006 /* CoordinateIndicator.swift in Sources */, A10000000000000000000007 /* ViewShortcuts.swift in Sources */, A10000000000000000000008 /* WorkspaceCommands.swift in Sources */, A10000000000000000000009 /* ShortcutEditor.swift in Sources */, A1000000000000000000000A /* PhysicsError.swift in Sources */, A1000000000000000000000B /* Geometry.swift in Sources */, A1000000000000000000000C /* Material.swift in Sources */, A1000000000000000000000D /* Placement.swift in Sources */, A1000000000000000000000E /* MassProperties.swift in Sources */, A1000000000000000000000F /* Component.swift in Sources */);
			runOnlyForDeploymentPostprocessing = 0;
		};
/* End PBXSourcesBuildPhase section */

/* Begin XCBuildConfiguration section */
		A80000000000000000000001 /* Debug */ = {
			isa = XCBuildConfiguration;
			buildSettings = {
				CLANG_ENABLE_MODULES = YES;
				CLANG_ENABLE_OBJC_ARC = YES;
				DEBUG_INFORMATION_FORMAT = dwarf;
				ENABLE_TESTABILITY = YES;
				GCC_OPTIMIZATION_LEVEL = 0;
				MACOSX_DEPLOYMENT_TARGET = 26.0;
				ONLY_ACTIVE_ARCH = YES;
				SDKROOT = macosx;
				SWIFT_ACTIVE_COMPILATION_CONDITIONS = "DEBUG $(inherited)";
				SWIFT_OPTIMIZATION_LEVEL = "-Onone";
			};
			name = Debug;
		};
		A80000000000000000000002 /* Release */ = {
			isa = XCBuildConfiguration;
			buildSettings = {
				CLANG_ENABLE_MODULES = YES;
				CLANG_ENABLE_OBJC_ARC = YES;
				DEBUG_INFORMATION_FORMAT = "dwarf-with-dsym";
				MACOSX_DEPLOYMENT_TARGET = 26.0;
				SDKROOT = macosx;
				SWIFT_COMPILATION_MODE = wholemodule;
				SWIFT_OPTIMIZATION_LEVEL = "-O";
			};
			name = Release;
		};
		A80000000000000000000003 /* Debug */ = {
			isa = XCBuildConfiguration;
			buildSettings = {
				CODE_SIGN_ENTITLEMENTS = MechKit/MechKit.entitlements;
				CODE_SIGN_IDENTITY = "-";
				CODE_SIGN_STYLE = Automatic;
				COMBINE_HIDPI_IMAGES = YES;
				CURRENT_PROJECT_VERSION = 1;
				ENABLE_HARDENED_RUNTIME = YES;
				ENABLE_PREVIEWS = YES;
				GENERATE_INFOPLIST_FILE = YES;
				MARKETING_VERSION = 0.1.0;
				PRODUCT_BUNDLE_IDENTIFIER = com.gsylvia.MechKit;
				PRODUCT_NAME = "$(TARGET_NAME)";
				SWIFT_EMIT_LOC_STRINGS = YES;
				SWIFT_VERSION = 5.0;
			};
			name = Debug;
		};
		A80000000000000000000004 /* Release */ = {
			isa = XCBuildConfiguration;
			buildSettings = {
				CODE_SIGN_ENTITLEMENTS = MechKit/MechKit.entitlements;
				CODE_SIGN_IDENTITY = "-";
				CODE_SIGN_STYLE = Automatic;
				COMBINE_HIDPI_IMAGES = YES;
				CURRENT_PROJECT_VERSION = 1;
				ENABLE_HARDENED_RUNTIME = YES;
				GENERATE_INFOPLIST_FILE = YES;
				MARKETING_VERSION = 0.1.0;
				PRODUCT_BUNDLE_IDENTIFIER = com.gsylvia.MechKit;
				PRODUCT_NAME = "$(TARGET_NAME)";
				SWIFT_EMIT_LOC_STRINGS = YES;
				SWIFT_VERSION = 5.0;
			};
			name = Release;
		};
/* End XCBuildConfiguration section */

/* Begin XCConfigurationList section */
		A90000000000000000000001 /* Build configuration list for PBXProject "MechKit" */ = {isa = XCConfigurationList; buildConfigurations = (A80000000000000000000001 /* Debug */, A80000000000000000000002 /* Release */); defaultConfigurationIsVisible = 0; defaultConfigurationName = Release; };
		A90000000000000000000002 /* Build configuration list for PBXNativeTarget "MechKit" */ = {isa = XCConfigurationList; buildConfigurations = (A80000000000000000000003 /* Debug */, A80000000000000000000004 /* Release */); defaultConfigurationIsVisible = 0; defaultConfigurationName = Release; };
/* End XCConfigurationList section */
	};
	rootObject = A60000000000000000000001 /* Project object */;
}
